
Microsoft Visual Studio Solution File, Format Version 12.00
# Visual Studio 15
VisualStudioVersion = 15.0.28010.2048
MinimumVisualStudioVersion = 10.0.40219.1
Project("{FAE04EC0-301F-11D3-BF4B-00C04F79EFBC}") = "TS SE Tool", "TS SE Tool\TS SE Tool.csproj", "{95EBA823-26BF-4A49-A674-E294B403BC99}"
EndProject
Project("{FAE04EC0-301F-11D3-BF4B-00C04F79EFBC}") = "TS SET Updater", "TS SET Updater\TS SET Updater.csproj", "{A1CB3D84-3A41-41B4-BF2C-8E6EF25D5707}"
EndProject
Global
	GlobalSection(SolutionConfigurationPlatforms) = preSolution
		Debug|Any CPU = Debug|Any CPU
		Release|Any CPU = Release|Any CPU
	EndGlobalSection
	GlobalSection(ProjectConfigurationPlatforms) = postSolution
		{95EBA823-26BF-4A49-A674-E294B403BC99}.Debug|Any CPU.ActiveCfg = Debug|Any CPU
		{95EBA823-26BF-4A49-A674-E294B403BC99}.Debug|Any CPU.Build.0 = Debug|Any CPU
		{95EBA823-26BF-4A49-A674-E294B403BC99}.Release|Any CPU.ActiveCfg = Release|Any CPU
		{95EBA823-26BF-4A49-A674-E294B403BC99}.Release|Any CPU.Build.0 = Release|Any CPU
		{A1CB3D84-3A41-41B4-BF2C-8E6EF25D5707}.Debug|Any CPU.ActiveCfg = Debug|Any CPU
		{A1CB3D84-3A41-41B4-BF2C-8E6EF25D5707}.Debug|Any CPU.Build.0 = Debug|Any CPU
		{A1CB3D84-3A41-41B4-BF2C-8E6EF25D5707}.Release|Any CPU.ActiveCfg = Release|Any CPU
		{A1CB3D84-3A41-41B4-BF2C-8E6EF25D5707}.Release|Any CPU.Build.0 = Release|Any CPU
	EndGlobalSection
	GlobalSection(SolutionProperties) = preSolution
		HideSolutionNode = FALSE
	EndGlobalSection
	GlobalSection(ExtensibilityGlobals) = postSolution
		SolutionGuid = {47F2E259-8A76-43EB-ACE3-3C5199698D9B}
	EndGlobalSection
EndGlobal
